// !$*UTF8*$!
{
	archiveVersion = 1;
	classes = {
	};
	objectVersion = 46;
	objects = {

/* Begin PBXBuildFile section */
		6737514F1FC39F7F0058719D /* Matcha.framework in Frameworks */ = {isa = PBXBuildFile; fileRef = 673751521FC39F7F0058719D /* Matcha.framework */; };
		673751501FC39F7F0058719D /* MatchaBridge.framework in Frameworks */ = {isa = PBXBuildFile; fileRef = 673751531FC39F7F0058719D /* MatchaBridge.framework */; };
		673751511FC39F7F0058719D /* Protobuf.framework in Frameworks */ = {isa = PBXBuildFile; fileRef = 673751541FC39F7F0058719D /* Protobuf.framework */; };
		67783C771F1E8436001582F5 /* CameraView.h in Headers */ = {isa = PBXBuildFile; fileRef = 67783C751F1E8436001582F5 /* CameraView.h */; settings = {ATTRIBUTES = (Public, ); }; };
		67783C851F1E84B6001582F5 /* CameraView.m in Sources */ = {isa = PBXBuildFile; fileRef = 67783C841F1E84B6001582F5 /* CameraView.m */; };
/* End PBXBuildFile section */

/* Begin PBXFileReference section */
		673751521FC39F7F0058719D /* Matcha.framework */ = {isa = PBXFileReference; explicitFileType = wrapper.framework; path = Matcha.framework; sourceTree = BUILT_PRODUCTS_DIR; };
		673751531FC39F7F0058719D /* MatchaBridge.framework */ = {isa = PBXFileReference; explicitFileType = wrapper.framework; path = MatchaBridge.framework; sourceTree = BUILT_PRODUCTS_DIR; };
		673751541FC39F7F0058719D /* Protobuf.framework */ = {isa = PBXFileReference; explicitFileType = wrapper.framework; path = Protobuf.framework; sourceTree = BUILT_PRODUCTS_DIR; };
		67783C721F1E8436001582F5 /* CameraView.framework */ = {isa = PBXFileReference; explicitFileType = wrapper.framework; includeInIndex = 0; path = CameraView.framework; sourceTree = BUILT_PRODUCTS_DIR; };
		67783C751F1E8436001582F5 /* CameraView.h */ = {isa = PBXFileReference; lastKnownFileType = sourcecode.c.h; path = CameraView.h; sourceTree = "<group>"; };
		67783C761F1E8436001582F5 /* Info.plist */ = {isa = PBXFileReference; lastKnownFileType = text.plist.xml; path = Info.plist; sourceTree = "<group>"; };
		67783C7E1F1E847A001582F5 /* Matcha.framework */ = {isa = PBXFileReference; lastKnownFileType = wrapper.framework; name = Matcha.framework; path = "../../../../../../../../Library/Developer/Xcode/DerivedData/SampleApp-cmxvdedpoyclchbbrqidjpuexeyk/Build/Products/Debug-iphoneos/Matcha.framework"; sourceTree = "<group>"; };
		67783C7F1F1E847A001582F5 /* MatchaBridge.framework */ = {isa = PBXFileReference; lastKnownFileType = wrapper.framework; name = MatchaBridge.framework; path = "../../../../../../../../Library/Developer/Xcode/DerivedData/SampleApp-cmxvdedpoyclchbbrqidjpuexeyk/Build/Products/Debug-iphoneos/MatchaBridge.framework"; sourceTree = "<group>"; };
		67783C801F1E847A001582F5 /* Protobuf.framework */ = {isa = PBXFileReference; lastKnownFileType = wrapper.framework; name = Protobuf.framework; path = "../../../../../../../../Library/Developer/Xcode/DerivedData/SampleApp-cmxvdedpoyclchbbrqidjpuexeyk/Build/Products/Debug-iphoneos/Protobuf.framework"; sourceTree = "<group>"; };
		67783C841F1E84B6001582F5 /* CameraView.m */ = {isa = PBXFileReference; fileEncoding = 4; lastKnownFileType = sourcecode.c.objc; path = CameraView.m; sourceTree = "<group>"; };
/* End PBXFileReference section */

/* Begin PBXFrameworksBuildPhase section */
		67783C6E1F1E8436001582F5 /* Frameworks */ = {
			isa = PBXFrameworksBuildPhase;
			buildActionMask = 2147483647;
			files = (
				6737514F1FC39F7F0058719D /* Matcha.framework in Frameworks */,
				673751501FC39F7F0058719D /* MatchaBridge.framework in Frameworks */,
				673751511FC39F7F0058719D /* Protobuf.framework in Frameworks */,
			);
			runOnlyForDeploymentPostprocessing = 0;
		};
/* End PBXFrameworksBuildPhase section */

/* Begin PBXGroup section */
		67783C681F1E8436001582F5 = {
			isa = PBXGroup;
			children = (
				67783C741F1E8436001582F5 /* CameraView */,
				67783C731F1E8436001582F5 /* Products */,
				67783C7D1F1E847A001582F5 /* Frameworks */,
			);
			sourceTree = "<group>";
		};
		67783C731F1E8436001582F5 /* Products */ = {
			isa = PBXGroup;
			children = (
				67783C721F1E8436001582F5 /* CameraView.framework */,
			);
			name = Products;
			sourceTree = "<group>";
		};
		67783C741F1E8436001582F5 /* CameraView */ = {
			isa = PBXGroup;
			children = (
				67783C751F1E8436001582F5 /* CameraView.h */,
				67783C841F1E84B6001582F5 /* CameraView.m */,
				67783C761F1E8436001582F5 /* Info.plist */,
			);
			path = CameraView;
			sourceTree = "<group>";
		};
		67783C7D1F1E847A001582F5 /* Frameworks */ = {
			isa = PBXGroup;
			children = (
				673751521FC39F7F0058719D /* Matcha.framework */,
				673751531FC39F7F0058719D /* MatchaBridge.framework */,
				673751541FC39F7F0058719D /* Protobuf.framework */,
				67783C7E1F1E847A001582F5 /* Matcha.framework */,
				67783C7F1F1E847A001582F5 /* MatchaBridge.framework */,
				67783C801F1E847A001582F5 /* Protobuf.framework */,
			);
			name = Frameworks;
			sourceTree = "<group>";
		};
/* End PBXGroup section */

/* Begin PBXHeadersBuildPhase section */
		67783C6F1F1E8436001582F5 /* Headers */ = {
			isa = PBXHeadersBuildPhase;
			buildActionMask = 2147483647;
			files = (
				67783C771F1E8436001582F5 /* CameraView.h in Headers */,
			);
			runOnlyForDeploymentPostprocessing = 0;
		};
/* End PBXHeadersBuildPhase section */

/* Begin PBXNativeTarget section */
		67783C711F1E8436001582F5 /* CameraView */ = {
			isa = PBXNativeTarget;
			buildConfigurationList = 67783C7A1F1E8436001582F5 /* Build configuration list for PBXNativeTarget "CameraView" */;
			buildPhases = (
				67783C6D1F1E8436001582F5 /* Sources */,
				67783C6E1F1E8436001582F5 /* Frameworks */,
				67783C6F1F1E8436001582F5 /* Headers */,
				67783C701F1E8436001582F5 /* Resources */,
			);
			buildRules = (
			);
			dependencies = (
			);
			name = CameraView;
			productName = CustomView;
			productReference = 67783C721F1E8436001582F5 /* CameraView.framework */;
			productType = "com.apple.product-type.framework";
		};
/* End PBXNativeTarget section */

/* Begin PBXProject section */
		67783C691F1E8436001582F5 /* Project object */ = {
			isa = PBXProject;
			attributes = {
				LastUpgradeCheck = 0900;
				ORGANIZATIONNAME = Matcha;
				TargetAttributes = {
					67783C711F1E8436001582F5 = {
						CreatedOnToolsVersion = 8.3.2;
						ProvisioningStyle = Automatic;
					};
				};
			};
			buildConfigurationList = 67783C6C1F1E8436001582F5 /* Build configuration list for PBXProject "CameraView" */;
			compatibilityVersion = "Xcode 3.2";
			developmentRegion = English;
			hasScannedForEncodings = 0;
			knownRegions = (
				en,
			);
			mainGroup = 67783C681F1E8436001582F5;
			productRefGroup = 67783C731F1E8436001582F5 /* Products */;
			projectDirPath = "";
			projectRoot = "";
			targets = (
				67783C711F1E8436001582F5 /* CameraView */,
			);
		};
/* End PBXProject section */

/* Begin PBXResourcesBuildPhase section */
		67783C701F1E8436001582F5 /* Resources */ = {
			isa = PBXResourcesBuildPhase;
			buildActionMask = 2147483647;
			files = (
			);
			runOnlyForDeploymentPostprocessing = 0;
		};
/* End PBXResourcesBuildPhase section */

/* Begin PBXSourcesBuildPhase section */
		67783C6D1F1E8436001582F5 /* Sources */ = {
			isa = PBXSourcesBuildPhase;
			buildActionMask = 2147483647;
			files = (
				67783C851F1E84B6001582F5 /* CameraView.m in Sources */,
			);
			runOnlyForDeploymentPostprocessing = 0;
		};
/* End PBXSourcesBuildPhase section */

/* Begin XCBuildConfiguration section */
		67783C781F1E8436001582F5 /* Debug */ = {
			isa = XCBuildConfiguration;
			buildSettings = {
				ALWAYS_SEARCH_USER_PATHS = NO;
				CLANG_ANALYZER_NONNULL = YES;
				CLANG_ANALYZER_NUMBER_OBJECT_CONVERSION = YES_AGGRESSIVE;
				CLANG_CXX_LANGUAGE_STANDARD = "gnu++0x";
				CLANG_CXX_LIBRARY = "libc++";
				CLANG_ENABLE_MODULES = YES;
				CLANG_ENABLE_OBJC_ARC = YES;
				CLANG_WARN_BLOCK_CAPTURE_AUTORELEASING = YES;
				CLANG_WARN_BOOL_CONVERSION = YES;
				CLANG_WARN_COMMA = YES;
				CLANG_WARN_CONSTANT_CONVERSION = YES;
				CLANG_WARN_DIRECT_OBJC_ISA_USAGE = YES_ERROR;
				CLANG_WARN_DOCUMENTATION_COMMENTS = YES;
				CLANG_WARN_EMPTY_BODY = YES;
				CLANG_WARN_ENUM_CONVERSION = YES;
				CLANG_WARN_INFINITE_RECURSION = YES;
				CLANG_WARN_INT_CONVERSION = YES;
				CLANG_WARN_NON_LITERAL_NULL_CONVERSION = YES;
				CLANG_WARN_OBJC_LITERAL_CONVERSION = YES;
				CLANG_WARN_OBJC_ROOT_CLASS = YES_ERROR;
				CLANG_WARN_RANGE_LOOP_ANALYSIS = YES;
				CLANG_WARN_STRICT_PROTOTYPES = YES;
				CLANG_WARN_SUSPICIOUS_MOVE = YES;
				CLANG_WARN_UNREACHABLE_CODE = YES;
				CLANG_WARN__DUPLICATE_METHOD_MATCH = YES;
				"CODE_SIGN_IDENTITY[sdk=iphoneos*]" = "iPhone Developer";
				COPY_PHASE_STRIP = NO;
				CURRENT_PROJECT_VERSION = 1;
				DEBUG_INFORMATION_FORMAT = dwarf;
				ENABLE_STRICT_OBJC_MSGSEND = YES;
				ENABLE_TESTABILITY = YES;
				GCC_C_LANGUAGE_STANDARD = gnu99;
				GCC_DYNAMIC_NO_PIC = NO;
				GCC_NO_COMMON_BLOCKS = YES;
				GCC_OPTIMIZATION_LEVEL = 0;
				GCC_PREPROCESSOR_DEFINITIONS = (
					"DEBUG=1",
					"$(inherited)",
				);
				GCC_WARN_64_TO_32_BIT_CONVERSION = YES;
				GCC_WARN_ABOUT_RETURN_TYPE = YES_ERROR;
				GCC_WARN_UNDECLARED_SELECTOR = YES;
				GCC_WARN_UNINITIALIZED_AUTOS = YES_AGGRESSIVE;
				GCC_WARN_UNUSED_FUNCTION = YES;
				GCC_WARN_UNUSED_VARIABLE = YES;
				IPHONEOS_DEPLOYMENT_TARGET = 10.3;
				MTL_ENABLE_DEBUG_INFO = YES;
				ONLY_ACTIVE_ARCH = YES;
				SDKROOT = iphoneos;
				TARGETED_DEVICE_FAMILY = "1,2";
				VERSIONING_SYSTEM = "apple-generic";
				VERSION_INFO_PREFIX = "";
			};
			name = Debug;
		};
		67783C791F1E8436001582F5 /* Release */ = {
			isa = XCBuildConfiguration;
			buildSettings = {
				ALWAYS_SEARCH_USER_PATHS = NO;
				CLANG_ANALYZER_NONNULL = YES;
				CLANG_ANALYZER_NUMBER_OBJECT_CONVERSION = YES_AGGRESSIVE;
				CLANG_CXX_LANGUAGE_STANDARD = "gnu++0x";
				CLANG_CXX_LIBRARY = "libc++";
				CLANG_ENABLE_MODULES = YES;
				CLANG_ENABLE_OBJC_ARC = YES;
				CLANG_WARN_BLOCK_CAPTURE_AUTORELEASING = YES;
				CLANG_WARN_BOOL_CONVERSION = YES;
				CLANG_WARN_COMMA = YES;
				CLANG_WARN_CONSTANT_CONVERSION = YES;
				CLANG_WARN_DIRECT_OBJC_ISA_USAGE = YES_ERROR;
				CLANG_WARN_DOCUMENTATION_COMMENTS = YES;
				CLANG_WARN_EMPTY_BODY = YES;
				CLANG_WARN_ENUM_CONVERSION = YES;
				CLANG_WARN_INFINITE_RECURSION = YES;
				CLANG_WARN_INT_CONVERSION = YES;
				CLANG_WARN_NON_LITERAL_NULL_CONVERSION = YES;
				CLANG_WARN_OBJC_LITERAL_CONVERSION = YES;
				CLANG_WARN_OBJC_ROOT_CLASS = YES_ERROR;
				CLANG_WARN_RANGE_LOOP_ANALYSIS = YES;
				CLANG_WARN_STRICT_PROTOTYPES = YES;
				CLANG_WARN_SUSPICIOUS_MOVE = YES;
				CLANG_WARN_UNREACHABLE_CODE = YES;
				CLANG_WARN__DUPLICATE_METHOD_MATCH = YES;
				"CODE_SIGN_IDENTITY[sdk=iphoneos*]" = "iPhone Developer";
				COPY_PHASE_STRIP = NO;
				CURRENT_PROJECT_VERSION = 1;
				DEBUG_INFORMATION_FORMAT = "dwarf-with-dsym";
				ENABLE_NS_ASSERTIONS = NO;
				ENABLE_STRICT_OBJC_MSGSEND = YES;
				GCC_C_LANGUAGE_STANDARD = gnu99;
				GCC_NO_COMMON_BLOCKS = YES;
				GCC_WARN_64_TO_32_BIT_CONVERSION = YES;
				GCC_WARN_ABOUT_RETURN_TYPE = YES_ERROR;
				GCC_WARN_UNDECLARED_SELECTOR = YES;
				GCC_WARN_UNINITIALIZED_AUTOS = YES_AGGRESSIVE;
				GCC_WARN_UNUSED_FUNCTION = YES;
				GCC_WARN_UNUSED_VARIABLE = YES;
				IPHONEOS_DEPLOYMENT_TARGET = 10.3;
				MTL_ENABLE_DEBUG_INFO = NO;
				SDKROOT = iphoneos;
				TARGETED_DEVICE_FAMILY = "1,2";
				VALIDATE_PRODUCT = YES;
				VERSIONING_SYSTEM = "apple-generic";
				VERSION_INFO_PREFIX = "";
			};
			name = Release;
		};
		67783C7B1F1E8436001582F5 /* Debug */ = {
			isa = XCBuildConfiguration;
			buildSettings = {
				CODE_SIGN_IDENTITY = "";
				DEFINES_MODULE = YES;
				DYLIB_COMPATIBILITY_VERSION = 1;
				DYLIB_CURRENT_VERSION = 1;
				DYLIB_INSTALL_NAME_BASE = "@rpath";
				ENABLE_BITCODE = NO;
				GCC_PREPROCESSOR_DEFINITIONS = (
					"$(inherited)",
					"GPB_USE_PROTOBUF_FRAMEWORK_IMPORTS=1",
				);
				HEADER_SEARCH_PATHS = "$(PROJECT_DIR)/Protobuf";
				INFOPLIST_FILE = "$(SRCROOT)/CameraView/Info.plist";
				INSTALL_PATH = "$(LOCAL_LIBRARY_DIR)/Frameworks";
				LD_RUNPATH_SEARCH_PATHS = "$(inherited) @executable_path/Frameworks @loader_path/Frameworks";
				PRODUCT_BUNDLE_IDENTIFIER = io.gomatcha.CustomView;
				PRODUCT_NAME = "$(TARGET_NAME)";
				SKIP_INSTALL = YES;
			};
			name = Debug;
		};
		67783C7C1F1E8436001582F5 /* Release */ = {
			isa = XCBuildConfiguration;
			buildSettings = {
				CODE_SIGN_IDENTITY = "";
				DEFINES_MODULE = YES;
				DYLIB_COMPATIBILITY_VERSION = 1;
				DYLIB_CURRENT_VERSION = 1;
				DYLIB_INSTALL_NAME_BASE = "@rpath";
				ENABLE_BITCODE = NO;
				GCC_PREPROCESSOR_DEFINITIONS = "GPB_USE_PROTOBUF_FRAMEWORK_IMPORTS=1";
				HEADER_SEARCH_PATHS = "$(PROJECT_DIR)/Protobuf";
				INFOPLIST_FILE = "$(SRCROOT)/CameraView/Info.plist";
				INSTALL_PATH = "$(LOCAL_LIBRARY_DIR)/Frameworks";
				LD_RUNPATH_SEARCH_PATHS = "$(inherited) @executable_path/Frameworks @loader_path/Frameworks";
				PRODUCT_BUNDLE_IDENTIFIER = io.gomatcha.CustomView;
				PRODUCT_NAME = "$(TARGET_NAME)";
				SKIP_INSTALL = YES;
			};
			name = Release;
		};
/* End XCBuildConfiguration section */

/* Begin XCConfigurationList section */
		67783C6C1F1E8436001582F5 /* Build configuration list for PBXProject "CameraView" */ = {
			isa = XCConfigurationList;
			buildConfigurations = (
				67783C781F1E8436001582F5 /* Debug */,
				67783C791F1E8436001582F5 /* Release */,
			);
			defaultConfigurationIsVisible = 0;
			defaultConfigurationName = Release;
		};
		67783C7A1F1E8436001582F5 /* Build configuration list for PBXNativeTarget "CameraView" */ = {
			isa = XCConfigurationList;
			buildConfigurations = (
				67783C7B1F1E8436001582F5 /* Debug */,
				67783C7C1F1E8436001582F5 /* Release */,
			);
			defaultConfigurationIsVisible = 0;
			defaultConfigurationName = Release;
		};
/* End XCConfigurationList section */
	};
	rootObject = 67783C691F1E8436001582F5 /* Project object */;
}
