// !$*UTF8*$!
{
	archiveVersion = 1;
	classes = {
	};
	objectVersion = 46;
	objects = {

/* Begin PBXBuildFile section */
		67FEBB501F0A246C005AFEDA /* main.m in Sources */ = {isa = PBXBuildFile; fileRef = 67FEBB4F1F0A246C005AFEDA /* main.m */; };
		67FEBB531F0A246C005AFEDA /* AppDelegate.m in Sources */ = {isa = PBXBuildFile; fileRef = 67FEBB521F0A246C005AFEDA /* AppDelegate.m */; };
		67FEBB5B1F0A246C005AFEDA /* Assets.xcassets in Resources */ = {isa = PBXBuildFile; fileRef = 67FEBB5A1F0A246C005AFEDA /* Assets.xcassets */; };
		67FEBB5E1F0A246C005AFEDA /* LaunchScreen.storyboard in Resources */ = {isa = PBXBuildFile; fileRef = 67FEBB5C1F0A246C005AFEDA /* LaunchScreen.storyboard */; };
		67FEBBEA1F0ADFBC005AFEDA /* Matcha.framework in Frameworks */ = {isa = PBXBuildFile; fileRef = 67FEBBE91F0ADFBC005AFEDA /* Matcha.framework */; };
		67FEBBEB1F0ADFBC005AFEDA /* Matcha.framework in Embed Frameworks */ = {isa = PBXBuildFile; fileRef = 67FEBBE91F0ADFBC005AFEDA /* Matcha.framework */; settings = {ATTRIBUTES = (CodeSignOnCopy, RemoveHeadersOnCopy, ); }; };
		67FEBBED1F0ADFBC005AFEDA /* MatchaBridge.framework in Frameworks */ = {isa = PBXBuildFile; fileRef = 67FEBBEC1F0ADFBC005AFEDA /* MatchaBridge.framework */; };
		67FEBBEE1F0ADFBC005AFEDA /* MatchaBridge.framework in Embed Frameworks */ = {isa = PBXBuildFile; fileRef = 67FEBBEC1F0ADFBC005AFEDA /* MatchaBridge.framework */; settings = {ATTRIBUTES = (CodeSignOnCopy, RemoveHeadersOnCopy, ); }; };
		67FEBBF01F0ADFBC005AFEDA /* Protobuf.framework in Frameworks */ = {isa = PBXBuildFile; fileRef = 67FEBBEF1F0ADFBC005AFEDA /* Protobuf.framework */; };
		67FEBBF11F0ADFBC005AFEDA /* Protobuf.framework in Embed Frameworks */ = {isa = PBXBuildFile; fileRef = 67FEBBEF1F0ADFBC005AFEDA /* Protobuf.framework */; settings = {ATTRIBUTES = (CodeSignOnCopy, RemoveHeadersOnCopy, ); }; };
/* End PBXBuildFile section */

/* Begin PBXCopyFilesBuildPhase section */
		67FEBBF21F0ADFBC005AFEDA /* Embed Frameworks */ = {
			isa = PBXCopyFilesBuildPhase;
			buildActionMask = 2147483647;
			dstPath = "";
			dstSubfolderSpec = 10;
			files = (
				67FEBBEB1F0ADFBC005AFEDA /* Matcha.framework in Embed Frameworks */,
				67FEBBEE1F0ADFBC005AFEDA /* MatchaBridge.framework in Embed Frameworks */,
				67FEBBF11F0ADFBC005AFEDA /* Protobuf.framework in Embed Frameworks */,
			);
			name = "Embed Frameworks";
			runOnlyForDeploymentPostprocessing = 0;
		};
/* End PBXCopyFilesBuildPhase section */

/* Begin PBXFileReference section */
		67783C891F1E8820001582F5 /* CustomView.framework */ = {isa = PBXFileReference; lastKnownFileType = wrapper.framework; name = CustomView.framework; path = "../../../../../../../../Library/Developer/Xcode/DerivedData/SampleApp-cmxvdedpoyclchbbrqidjpuexeyk/Build/Products/Debug-iphoneos/CustomView.framework"; sourceTree = "<group>"; };
		67FEBB4B1F0A246C005AFEDA /* SampleApp.app */ = {isa = PBXFileReference; explicitFileType = wrapper.application; includeInIndex = 0; path = SampleApp.app; sourceTree = BUILT_PRODUCTS_DIR; };
		67FEBB4F1F0A246C005AFEDA /* main.m */ = {isa = PBXFileReference; lastKnownFileType = sourcecode.c.objc; path = main.m; sourceTree = "<group>"; };
		67FEBB511F0A246C005AFEDA /* AppDelegate.h */ = {isa = PBXFileReference; lastKnownFileType = sourcecode.c.h; path = AppDelegate.h; sourceTree = "<group>"; };
		67FEBB521F0A246C005AFEDA /* AppDelegate.m */ = {isa = PBXFileReference; lastKnownFileType = sourcecode.c.objc; path = AppDelegate.m; sourceTree = "<group>"; };
		67FEBB5A1F0A246C005AFEDA /* Assets.xcassets */ = {isa = PBXFileReference; lastKnownFileType = folder.assetcatalog; path = Assets.xcassets; sourceTree = "<group>"; };
		67FEBB5D1F0A246C005AFEDA /* Base */ = {isa = PBXFileReference; lastKnownFileType = file.storyboard; name = Base; path = Base.lproj/LaunchScreen.storyboard; sourceTree = "<group>"; };
		67FEBB5F1F0A246C005AFEDA /* Info.plist */ = {isa = PBXFileReference; lastKnownFileType = text.plist.xml; path = Info.plist; sourceTree = "<group>"; };
		67FEBBE91F0ADFBC005AFEDA /* Matcha.framework */ = {isa = PBXFileReference; explicitFileType = wrapper.framework; path = Matcha.framework; sourceTree = BUILT_PRODUCTS_DIR; };
		67FEBBEC1F0ADFBC005AFEDA /* MatchaBridge.framework */ = {isa = PBXFileReference; explicitFileType = wrapper.framework; path = MatchaBridge.framework; sourceTree = BUILT_PRODUCTS_DIR; };
		67FEBBEF1F0ADFBC005AFEDA /* Protobuf.framework */ = {isa = PBXFileReference; explicitFileType = wrapper.framework; path = Protobuf.framework; sourceTree = BUILT_PRODUCTS_DIR; };
/* End PBXFileReference section */

/* Begin PBXFrameworksBuildPhase section */
		67FEBB481F0A246C005AFEDA /* Frameworks */ = {
			isa = PBXFrameworksBuildPhase;
			buildActionMask = 2147483647;
			files = (
				67FEBBEA1F0ADFBC005AFEDA /* Matcha.framework in Frameworks */,
				67FEBBED1F0ADFBC005AFEDA /* MatchaBridge.framework in Frameworks */,
				67FEBBF01F0ADFBC005AFEDA /* Protobuf.framework in Frameworks */,
			);
			runOnlyForDeploymentPostprocessing = 0;
		};
/* End PBXFrameworksBuildPhase section */

/* Begin PBXGroup section */
		67FEBB421F0A246C005AFEDA = {
			isa = PBXGroup;
			children = (
				67FEBB4D1F0A246C005AFEDA /* SampleApp */,
				67FEBB4C1F0A246C005AFEDA /* Products */,
				67FEBB6B1F0A280D005AFEDA /* Frameworks */,
			);
			sourceTree = "<group>";
		};
		67FEBB4C1F0A246C005AFEDA /* Products */ = {
			isa = PBXGroup;
			children = (
				67FEBB4B1F0A246C005AFEDA /* SampleApp.app */,
			);
			name = Products;
			sourceTree = "<group>";
		};
		67FEBB4D1F0A246C005AFEDA /* SampleApp */ = {
			isa = PBXGroup;
			children = (
				67FEBB511F0A246C005AFEDA /* AppDelegate.h */,
				67FEBB521F0A246C005AFEDA /* AppDelegate.m */,
				67FEBB5A1F0A246C005AFEDA /* Assets.xcassets */,
				67FEBB5C1F0A246C005AFEDA /* LaunchScreen.storyboard */,
				67FEBB5F1F0A246C005AFEDA /* Info.plist */,
				67FEBB4E1F0A246C005AFEDA /* Supporting Files */,
			);
			path = SampleApp;
			sourceTree = "<group>";
		};
		67FEBB4E1F0A246C005AFEDA /* Supporting Files */ = {
			isa = PBXGroup;
			children = (
				67FEBB4F1F0A246C005AFEDA /* main.m */,
			);
			name = "Supporting Files";
			sourceTree = "<group>";
		};
		67FEBB6B1F0A280D005AFEDA /* Frameworks */ = {
			isa = PBXGroup;
			children = (
				67783C891F1E8820001582F5 /* CustomView.framework */,
				67FEBBEF1F0ADFBC005AFEDA /* Protobuf.framework */,
				67FEBBEC1F0ADFBC005AFEDA /* MatchaBridge.framework */,
				67FEBBE91F0ADFBC005AFEDA /* Matcha.framework */,
			);
			name = Frameworks;
			sourceTree = "<group>";
		};
/* End PBXGroup section */

/* Begin PBXNativeTarget section */
		67FEBB4A1F0A246C005AFEDA /* SampleApp */ = {
			isa = PBXNativeTarget;
			buildConfigurationList = 67FEBB621F0A246C005AFEDA /* Build configuration list for PBXNativeTarget "SampleApp" */;
			buildPhases = (
				67FEBB471F0A246C005AFEDA /* Sources */,
				67FEBB481F0A246C005AFEDA /* Frameworks */,
				67FEBB491F0A246C005AFEDA /* Resources */,
				67FEBBF21F0ADFBC005AFEDA /* Embed Frameworks */,
			);
			buildRules = (
			);
			dependencies = (
			);
			name = SampleApp;
			productName = SampleApp;
			productReference = 67FEBB4B1F0A246C005AFEDA /* SampleApp.app */;
			productType = "com.apple.product-type.application";
		};
/* End PBXNativeTarget section */

/* Begin PBXProject section */
		67FEBB431F0A246C005AFEDA /* Project object */ = {
			isa = PBXProject;
			attributes = {
				LastUpgradeCheck = 0830;
				ORGANIZATIONNAME = Matcha;
				TargetAttributes = {
					67FEBB4A1F0A246C005AFEDA = {
						CreatedOnToolsVersion = 8.3.2;
						DevelopmentTeam = SD456Y97K5;
						ProvisioningStyle = Automatic;
					};
				};
			};
			buildConfigurationList = 67FEBB461F0A246C005AFEDA /* Build configuration list for PBXProject "SampleApp" */;
			compatibilityVersion = "Xcode 3.2";
			developmentRegion = English;
			hasScannedForEncodings = 0;
			knownRegions = (
				en,
				Base,
			);
			mainGroup = 67FEBB421F0A246C005AFEDA;
			productRefGroup = 67FEBB4C1F0A246C005AFEDA /* Products */;
			projectDirPath = "";
			projectRoot = "";
			targets = (
				67FEBB4A1F0A246C005AFEDA /* SampleApp */,
			);
		};
/* End PBXProject section */

/* Begin PBXResourcesBuildPhase section */
		67FEBB491F0A246C005AFEDA /* Resources */ = {
			isa = PBXResourcesBuildPhase;
			buildActionMask = 2147483647;
			files = (
				67FEBB5E1F0A246C005AFEDA /* LaunchScreen.storyboard in Resources */,
				67FEBB5B1F0A246C005AFEDA /* Assets.xcassets in Resources */,
			);
			runOnlyForDeploymentPostprocessing = 0;
		};
/* End PBXResourcesBuildPhase section */

/* Begin PBXSourcesBuildPhase section */
		67FEBB471F0A246C005AFEDA /* Sources */ = {
			isa = PBXSourcesBuildPhase;
			buildActionMask = 2147483647;
			files = (
				67FEBB531F0A246C005AFEDA /* AppDelegate.m in Sources */,
				67FEBB501F0A246C005AFEDA /* main.m in Sources */,
			);
			runOnlyForDeploymentPostprocessing = 0;
		};
/* End PBXSourcesBuildPhase section */

/* Begin PBXVariantGroup section */
		67FEBB5C1F0A246C005AFEDA /* LaunchScreen.storyboard */ = {
			isa = PBXVariantGroup;
			children = (
				67FEBB5D1F0A246C005AFEDA /* Base */,
			);
			name = LaunchScreen.storyboard;
			sourceTree = "<group>";
		};
/* End PBXVariantGroup section */

/* Begin XCBuildConfiguration section */
		67FEBB601F0A246C005AFEDA /* Debug */ = {
			isa = XCBuildConfiguration;
			buildSettings = {
				ALWAYS_SEARCH_USER_PATHS = NO;
				CLANG_ANALYZER_NONNULL = YES;
				CLANG_ANALYZER_NUMBER_OBJECT_CONVERSION = YES_AGGRESSIVE;
				CLANG_CXX_LANGUAGE_STANDARD = "gnu++0x";
				CLANG_CXX_LIBRARY = "libc++";
				CLANG_ENABLE_MODULES = YES;
				CLANG_ENABLE_OBJC_ARC = YES;
				CLANG_WARN_BOOL_CONVERSION = YES;
				CLANG_WARN_CONSTANT_CONVERSION = YES;
				CLANG_WARN_DIRECT_OBJC_ISA_USAGE = YES_ERROR;
				CLANG_WARN_DOCUMENTATION_COMMENTS = YES;
				CLANG_WARN_EMPTY_BODY = YES;
				CLANG_WARN_ENUM_CONVERSION = YES;
				CLANG_WARN_INFINITE_RECURSION = YES;
				CLANG_WARN_INT_CONVERSION = YES;
				CLANG_WARN_OBJC_ROOT_CLASS = YES_ERROR;
				CLANG_WARN_SUSPICIOUS_MOVE = YES;
				CLANG_WARN_UNREACHABLE_CODE = YES;
				CLANG_WARN__DUPLICATE_METHOD_MATCH = YES;
				"CODE_SIGN_IDENTITY[sdk=iphoneos*]" = "iPhone Developer";
				COPY_PHASE_STRIP = NO;
				DEBUG_INFORMATION_FORMAT = dwarf;
				ENABLE_STRICT_OBJC_MSGSEND = YES;
				ENABLE_TESTABILITY = YES;
				GCC_C_LANGUAGE_STANDARD = gnu99;
				GCC_DYNAMIC_NO_PIC = NO;
				GCC_NO_COMMON_BLOCKS = YES;
				GCC_OPTIMIZATION_LEVEL = 0;
				GCC_PREPROCESSOR_DEFINITIONS = (
					"DEBUG=1",
					"$(inherited)",
				);
				GCC_WARN_64_TO_32_BIT_CONVERSION = YES;
				GCC_WARN_ABOUT_RETURN_TYPE = YES_ERROR;
				GCC_WARN_UNDECLARED_SELECTOR = YES;
				GCC_WARN_UNINITIALIZED_AUTOS = YES_AGGRESSIVE;
				GCC_WARN_UNUSED_FUNCTION = YES;
				GCC_WARN_UNUSED_VARIABLE = YES;
				IPHONEOS_DEPLOYMENT_TARGET = 10.3;
				MTL_ENABLE_DEBUG_INFO = YES;
				ONLY_ACTIVE_ARCH = YES;
				SDKROOT = iphoneos;
				TARGETED_DEVICE_FAMILY = "1,2";
			};
			name = Debug;
		};
		67FEBB611F0A246C005AFEDA /* Release */ = {
			isa = XCBuildConfiguration;
			buildSettings = {
				ALWAYS_SEARCH_USER_PATHS = NO;
				CLANG_ANALYZER_NONNULL = YES;
				CLANG_ANALYZER_NUMBER_OBJECT_CONVERSION = YES_AGGRESSIVE;
				CLANG_CXX_LANGUAGE_STANDARD = "gnu++0x";
				CLANG_CXX_LIBRARY = "libc++";
				CLANG_ENABLE_MODULES = YES;
				CLANG_ENABLE_OBJC_ARC = YES;
				CLANG_WARN_BOOL_CONVERSION = YES;
				CLANG_WARN_CONSTANT_CONVERSION = YES;
				CLANG_WARN_DIRECT_OBJC_ISA_USAGE = YES_ERROR;
				CLANG_WARN_DOCUMENTATION_COMMENTS = YES;
				CLANG_WARN_EMPTY_BODY = YES;
				CLANG_WARN_ENUM_CONVERSION = YES;
				CLANG_WARN_INFINITE_RECURSION = YES;
				CLANG_WARN_INT_CONVERSION = YES;
				CLANG_WARN_OBJC_ROOT_CLASS = YES_ERROR;
				CLANG_WARN_SUSPICIOUS_MOVE = YES;
				CLANG_WARN_UNREACHABLE_CODE = YES;
				CLANG_WARN__DUPLICATE_METHOD_MATCH = YES;
				"CODE_SIGN_IDENTITY[sdk=iphoneos*]" = "iPhone Developer";
				COPY_PHASE_STRIP = NO;
				DEBUG_INFORMATION_FORMAT = "dwarf-with-dsym";
				ENABLE_NS_ASSERTIONS = NO;
				ENABLE_STRICT_OBJC_MSGSEND = YES;
				GCC_C_LANGUAGE_STANDARD = gnu99;
				GCC_NO_COMMON_BLOCKS = YES;
				GCC_WARN_64_TO_32_BIT_CONVERSION = YES;
				GCC_WARN_ABOUT_RETURN_TYPE = YES_ERROR;
				GCC_WARN_UNDECLARED_SELECTOR = YES;
				GCC_WARN_UNINITIALIZED_AUTOS = YES_AGGRESSIVE;
				GCC_WARN_UNUSED_FUNCTION = YES;
				GCC_WARN_UNUSED_VARIABLE = YES;
				IPHONEOS_DEPLOYMENT_TARGET = 10.3;
				MTL_ENABLE_DEBUG_INFO = NO;
				SDKROOT = iphoneos;
				TARGETED_DEVICE_FAMILY = "1,2";
				VALIDATE_PRODUCT = YES;
			};
			name = Release;
		};
		67FEBB631F0A246C005AFEDA /* Debug */ = {
			isa = XCBuildConfiguration;
			buildSettings = {
				ASSETCATALOG_COMPILER_APPICON_NAME = AppIcon;
				DEVELOPMENT_TEAM = SD456Y97K5;
				ENABLE_BITCODE = NO;
				INFOPLIST_FILE = SampleApp/Info.plist;
				LD_RUNPATH_SEARCH_PATHS = "$(inherited) @executable_path/Frameworks";
				PRODUCT_BUNDLE_IDENTIFIER = io.gomatcha.SampleApp;
				PRODUCT_NAME = "$(TARGET_NAME)";
			};
			name = Debug;
		};
		67FEBB641F0A246C005AFEDA /* Release */ = {
			isa = XCBuildConfiguration;
			buildSettings = {
				ASSETCATALOG_COMPILER_APPICON_NAME = AppIcon;
				DEVELOPMENT_TEAM = SD456Y97K5;
				ENABLE_BITCODE = NO;
				INFOPLIST_FILE = SampleApp/Info.plist;
				LD_RUNPATH_SEARCH_PATHS = "$(inherited) @executable_path/Frameworks";
				PRODUCT_BUNDLE_IDENTIFIER = io.gomatcha.SampleApp;
				PRODUCT_NAME = "$(TARGET_NAME)";
			};
			name = Release;
		};
/* End XCBuildConfiguration section */

/* Begin XCConfigurationList section */
		67FEBB461F0A246C005AFEDA /* Build configuration list for PBXProject "SampleApp" */ = {
			isa = XCConfigurationList;
			buildConfigurations = (
				67FEBB601F0A246C005AFEDA /* Debug */,
				67FEBB611F0A246C005AFEDA /* Release */,
			);
			defaultConfigurationIsVisible = 0;
			defaultConfigurationName = Release;
		};
		67FEBB621F0A246C005AFEDA /* Build configuration list for PBXNativeTarget "SampleApp" */ = {
			isa = XCConfigurationList;
			buildConfigurations = (
				67FEBB631F0A246C005AFEDA /* Debug */,
				67FEBB641F0A246C005AFEDA /* Release */,
			);
			defaultConfigurationIsVisible = 0;
			defaultConfigurationName = Release;
		};
/* End XCConfigurationList section */
	};
	rootObject = 67FEBB431F0A246C005AFEDA /* Project object */;
}
